
Microsoft Visual Studio Solution File, Format Version 12.00
# Visual Studio Version 17
VisualStudioVersion = 17.3.32922.545
MinimumVisualStudioVersion = 10.0.40219.1
Project("{FAE04EC0-301F-11D3-BF4B-00C04F79EFBC}") = "soma_impares", "soma_impares\soma_impares.csproj", "{FF96D16D-D2F2-4881-94B8-BB91FDBA26ED}"
EndProject
Global
	GlobalSection(SolutionConfigurationPlatforms) = preSolution
		Debug|Any CPU = Debug|Any CPU
		Release|Any CPU = Release|Any CPU
	EndGlobalSection
	GlobalSection(ProjectConfigurationPlatforms) = postSolution
		{FF96D16D-D2F2-4881-94B8-BB91FDBA26ED}.Debug|Any CPU.ActiveCfg = Debug|Any CPU
		{FF96D16D-D2F2-4881-94B8-BB91FDBA26ED}.Debug|Any CPU.Build.0 = Debug|Any CPU
		{FF96D16D-D2F2-4881-94B8-BB91FDBA26ED}.Release|Any CPU.ActiveCfg = Release|Any CPU
		{FF96D16D-D2F2-4881-94B8-BB91FDBA26ED}.Release|Any CPU.Build.0 = Release|Any CPU
	EndGlobalSection
	GlobalSection(SolutionProperties) = preSolution
		HideSolutionNode = FALSE
	EndGlobalSection
	GlobalSection(ExtensibilityGlobals) = postSolution
		SolutionGuid = {339CDBE2-5331-4DD0-B643-8ED63B1BA1CA}
	EndGlobalSection
EndGlobal
